Microsoft Visual Studio Solution File, Format Version 11.00
# Visual Studio 2008

Project("{AF864A01-0104-19AE-EE84-E1671CA021EB}") = "Legend of the Omni Pheonix- Rebirth", "Assembly-CSharp-firstpass.csproj", "{2ACDCE3B-C646-C673-E84F-71456C0B2D5E}"
EndProject
Project("{AF864A01-0104-19AE-EE84-E1671CA021EB}") = "Legend of the Omni Pheonix- Rebirth", "Assembly-CSharp.csproj", "{81AC11A2-958A-446C-7088-6994812B502A}"
EndProject
Project("{AF864A01-0104-19AE-EE84-E1671CA021EB}") = "Legend of the Omni Pheonix- Rebirth", "Assembly-UnityScript-firstpass.unityproj", "{5DEFF36D-68BD-C55A-B779-6E680D8D17AF}"
EndProject
Project("{AF864A01-0104-19AE-EE84-E1671CA021EB}") = "Legend of the Omni Pheonix- Rebirth", "Assembly-UnityScript.unityproj", "{50EDA0E4-AF20-7165-B906-3F6EFDABCAAC}"
EndProject
Global
	GlobalSection(SolutionConfigurationPlatforms) = preSolution
		Debug|Any CPU = Debug|Any CPU
		Release|Any CPU = Release|Any CPU
	EndGlobalSection
	GlobalSection(ProjectConfigurationPlatforms) = postSolution
		{2ACDCE3B-C646-C673-E84F-71456C0B2D5E}.Debug|Any CPU.ActiveCfg = Debug|Any CPU
		{2ACDCE3B-C646-C673-E84F-71456C0B2D5E}.Debug|Any CPU.Build.0 = Debug|Any CPU
		{2ACDCE3B-C646-C673-E84F-71456C0B2D5E}.Release|Any CPU.ActiveCfg = Release|Any CPU
		{2ACDCE3B-C646-C673-E84F-71456C0B2D5E}.Release|Any CPU.Build.0 = Release|Any CPU
		{81AC11A2-958A-446C-7088-6994812B502A}.Debug|Any CPU.ActiveCfg = Debug|Any CPU
		{81AC11A2-958A-446C-7088-6994812B502A}.Debug|Any CPU.Build.0 = Debug|Any CPU
		{81AC11A2-958A-446C-7088-6994812B502A}.Release|Any CPU.ActiveCfg = Release|Any CPU
		{81AC11A2-958A-446C-7088-6994812B502A}.Release|Any CPU.Build.0 = Release|Any CPU
		{5DEFF36D-68BD-C55A-B779-6E680D8D17AF}.Debug|Any CPU.ActiveCfg = Debug|Any CPU
		{5DEFF36D-68BD-C55A-B779-6E680D8D17AF}.Debug|Any CPU.Build.0 = Debug|Any CPU
		{5DEFF36D-68BD-C55A-B779-6E680D8D17AF}.Release|Any CPU.ActiveCfg = Release|Any CPU
		{5DEFF36D-68BD-C55A-B779-6E680D8D17AF}.Release|Any CPU.Build.0 = Release|Any CPU
		{50EDA0E4-AF20-7165-B906-3F6EFDABCAAC}.Debug|Any CPU.ActiveCfg = Debug|Any CPU
		{50EDA0E4-AF20-7165-B906-3F6EFDABCAAC}.Debug|Any CPU.Build.0 = Debug|Any CPU
		{50EDA0E4-AF20-7165-B906-3F6EFDABCAAC}.Release|Any CPU.ActiveCfg = Release|Any CPU
		{50EDA0E4-AF20-7165-B906-3F6EFDABCAAC}.Release|Any CPU.Build.0 = Release|Any CPU
	EndGlobalSection
	GlobalSection(SolutionProperties) = preSolution
		HideSolutionNode = FALSE
	EndGlobalSection
																																																																																																																																		GlobalSection(MonoDevelopProperties) = preSolution
		StartupItem = Assembly-CSharp.csproj
		Policies = $0
		$0.TextStylePolicy = $1
		$1.inheritsSet = null
		$1.scope = text/x-csharp
		$0.CSharpFormattingPolicy = $2
		$2.inheritsSet = Mono
		$2.inheritsScope = text/x-csharp
		$2.scope = text/x-csharp
		$0.TextStylePolicy = $3
		$3.FileWidth = 120
		$3.TabWidth = 4
		$3.EolMarker = Unix
		$3.inheritsSet = Mono
		$3.inheritsScope = text/plain
		$3.scope = text/plain
	EndGlobalSection

EndGlobal
